
Microsoft Visual Studio Solution File, Format Version 12.00
# Visual Studio 2012
Project("{FAE04EC0-301F-11D3-BF4B-00C04F79EFBC}") = "Blitline.Net", "Blitline.Net\Blitline.Net.csproj", "{5C68792D-01BC-4E32-90F0-F397A8E321C4}"
EndProject
Project("{FAE04EC0-301F-11D3-BF4B-00C04F79EFBC}") = "Specs", "Specs\Specs.csproj", "{1DC2E7D0-CD07-4050-A690-0A59B89117EC}"
EndProject
Project("{2150E333-8FDC-42A3-9474-1A3956D46DE8}") = ".nuget", ".nuget", "{AD178921-D7A0-408A-961B-725D005DB110}"
	ProjectSection(SolutionItems) = preProject
		.nuget\NuGet.Config = .nuget\NuGet.Config
		.nuget\NuGet.exe = .nuget\NuGet.exe
		.nuget\NuGet.targets = .nuget\NuGet.targets
	EndProjectSection
EndProject
Global
	GlobalSection(SolutionConfigurationPlatforms) = preSolution
		Debug|Any CPU = Debug|Any CPU
		Release|Any CPU = Release|Any CPU
	EndGlobalSection
	GlobalSection(ProjectConfigurationPlatforms) = postSolution
		{5C68792D-01BC-4E32-90F0-F397A8E321C4}.Debug|Any CPU.ActiveCfg = Debug|Any CPU
		{5C68792D-01BC-4E32-90F0-F397A8E321C4}.Debug|Any CPU.Build.0 = Debug|Any CPU
		{5C68792D-01BC-4E32-90F0-F397A8E321C4}.Release|Any CPU.ActiveCfg = Release|Any CPU
		{5C68792D-01BC-4E32-90F0-F397A8E321C4}.Release|Any CPU.Build.0 = Release|Any CPU
		{1DC2E7D0-CD07-4050-A690-0A59B89117EC}.Debug|Any CPU.ActiveCfg = Debug|Any CPU
		{1DC2E7D0-CD07-4050-A690-0A59B89117EC}.Debug|Any CPU.Build.0 = Debug|Any CPU
		{1DC2E7D0-CD07-4050-A690-0A59B89117EC}.Release|Any CPU.ActiveCfg = Release|Any CPU
		{1DC2E7D0-CD07-4050-A690-0A59B89117EC}.Release|Any CPU.Build.0 = Release|Any CPU
	EndGlobalSection
	GlobalSection(SolutionProperties) = preSolution
		HideSolutionNode = FALSE
	EndGlobalSection
EndGlobal
